// !$*UTF8*$!
{
	archiveVersion = 1;
	classes = {
	};
	objectVersion = 56;
	objects = {

/* Begin PBXBuildFile section */
		A457EFD02A405B4D0000B65F /* ToDOiOSApp.swift in Sources */ = {isa = PBXBuildFile; fileRef = A457EFCF2A405B4D0000B65F /* ToDOiOSApp.swift */; };
		A457EFD22A405B4D0000B65F /* MainView.swift in Sources */ = {isa = PBXBuildFile; fileRef = A457EFD12A405B4D0000B65F /* MainView.swift */; };
		A457EFD42A405B4E0000B65F /* Assets.xcassets in Resources */ = {isa = PBXBuildFile; fileRef = A457EFD32A405B4E0000B65F /* Assets.xcassets */; };
		A457EFD72A405B4E0000B65F /* Preview Assets.xcassets in Resources */ = {isa = PBXBuildFile; fileRef = A457EFD62A405B4E0000B65F /* Preview Assets.xcassets */; };
		A457EFDF2A405BCF0000B65F /* FirebaseAuth in Frameworks */ = {isa = PBXBuildFile; productRef = A457EFDE2A405BCF0000B65F /* FirebaseAuth */; };
		A457EFE12A405BCF0000B65F /* FirebaseFirestore in Frameworks */ = {isa = PBXBuildFile; productRef = A457EFE02A405BCF0000B65F /* FirebaseFirestore */; };
		A457EFE32A405BCF0000B65F /* FirebaseFirestoreSwift in Frameworks */ = {isa = PBXBuildFile; productRef = A457EFE22A405BCF0000B65F /* FirebaseFirestoreSwift */; };
		A457EFE52A4060D10000B65F /* GoogleService-Info.plist in Resources */ = {isa = PBXBuildFile; fileRef = A457EFE42A4060D00000B65F /* GoogleService-Info.plist */; };
		A457EFEB2A40671A0000B65F /* ProfileView.swift in Sources */ = {isa = PBXBuildFile; fileRef = A457EFEA2A40671A0000B65F /* ProfileView.swift */; };
		A457EFEE2A40674A0000B65F /* ToDoListView.swift in Sources */ = {isa = PBXBuildFile; fileRef = A457EFED2A40674A0000B65F /* ToDoListView.swift */; };
		A457EFF02A4068320000B65F /* NewItemView.swift in Sources */ = {isa = PBXBuildFile; fileRef = A457EFEF2A4068320000B65F /* NewItemView.swift */; };
		A457EFF22A40684C0000B65F /* LoginView.swift in Sources */ = {isa = PBXBuildFile; fileRef = A457EFF12A40684C0000B65F /* LoginView.swift */; };
		A457EFF42A4068640000B65F /* RegisterView.swift in Sources */ = {isa = PBXBuildFile; fileRef = A457EFF32A4068640000B65F /* RegisterView.swift */; };
		A457EFF62A4068950000B65F /* ToDoListItemView.swift in Sources */ = {isa = PBXBuildFile; fileRef = A457EFF52A4068950000B65F /* ToDoListItemView.swift */; };
		A457EFF82A40699B0000B65F /* User.swift in Sources */ = {isa = PBXBuildFile; fileRef = A457EFF72A40699B0000B65F /* User.swift */; };
		A457EFFA2A4069AE0000B65F /* ToDoListItem.swift in Sources */ = {isa = PBXBuildFile; fileRef = A457EFF92A4069AE0000B65F /* ToDoListItem.swift */; };
		A457EFFC2A406A530000B65F /* MainViewViewModel.swift in Sources */ = {isa = PBXBuildFile; fileRef = A457EFFB2A406A530000B65F /* MainViewViewModel.swift */; };
		A457EFFE2A406BFB0000B65F /* ProfileViewViewModel.swift in Sources */ = {isa = PBXBuildFile; fileRef = A457EFFD2A406BFB0000B65F /* ProfileViewViewModel.swift */; };
		A457F0002A406C0A0000B65F /* ToDoListViewViewModel.swift in Sources */ = {isa = PBXBuildFile; fileRef = A457EFFF2A406C0A0000B65F /* ToDoListViewViewModel.swift */; };
		A457F0022A406C230000B65F /* NewItemViewViewModel.swift in Sources */ = {isa = PBXBuildFile; fileRef = A457F0012A406C230000B65F /* NewItemViewViewModel.swift */; };
		A457F0042A406C3A0000B65F /* LoginViewViewModel.swift in Sources */ = {isa = PBXBuildFile; fileRef = A457F0032A406C3A0000B65F /* LoginViewViewModel.swift */; };
		A457F0062A406C550000B65F /* RegisterViewViewModel.swift in Sources */ = {isa = PBXBuildFile; fileRef = A457F0052A406C550000B65F /* RegisterViewViewModel.swift */; };
		A457F0082A406C780000B65F /* ToDoListItemViewViewModel.swift in Sources */ = {isa = PBXBuildFile; fileRef = A457F0072A406C780000B65F /* ToDoListItemViewViewModel.swift */; };
		A457F00A2A4077EB0000B65F /* HeaderView.swift in Sources */ = {isa = PBXBuildFile; fileRef = A457F0092A4077EB0000B65F /* HeaderView.swift */; };
		A457F00C2A408AE00000B65F /* TLButton.swift in Sources */ = {isa = PBXBuildFile; fileRef = A457F00B2A408AE00000B65F /* TLButton.swift */; };
		A457F00E2A40B2CA0000B65F /* Extensions.swift in Sources */ = {isa = PBXBuildFile; fileRef = A457F00D2A40B2CA0000B65F /* Extensions.swift */; };
/* End PBXBuildFile section */

/* Begin PBXFileReference section */
		A457EFCC2A405B4D0000B65F /* ToDOiOS.app */ = {isa = PBXFileReference; explicitFileType = wrapper.application; includeInIndex = 0; path = ToDOiOS.app; sourceTree = BUILT_PRODUCTS_DIR; };
		A457EFCF2A405B4D0000B65F /* ToDOiOSApp.swift */ = {isa = PBXFileReference; lastKnownFileType = sourcecode.swift; path = ToDOiOSApp.swift; sourceTree = "<group>"; };
		A457EFD12A405B4D0000B65F /* MainView.swift */ = {isa = PBXFileReference; lastKnownFileType = sourcecode.swift; path = MainView.swift; sourceTree = "<group>"; };
		A457EFD32A405B4E0000B65F /* Assets.xcassets */ = {isa = PBXFileReference; lastKnownFileType = folder.assetcatalog; path = Assets.xcassets; sourceTree = "<group>"; };
		A457EFD62A405B4E0000B65F /* Preview Assets.xcassets */ = {isa = PBXFileReference; lastKnownFileType = folder.assetcatalog; path = "Preview Assets.xcassets"; sourceTree = "<group>"; };
		A457EFE42A4060D00000B65F /* GoogleService-Info.plist */ = {isa = PBXFileReference; fileEncoding = 4; lastKnownFileType = text.plist.xml; path = "GoogleService-Info.plist"; sourceTree = "<group>"; };
		A457EFEA2A40671A0000B65F /* ProfileView.swift */ = {isa = PBXFileReference; lastKnownFileType = sourcecode.swift; path = ProfileView.swift; sourceTree = "<group>"; };
		A457EFED2A40674A0000B65F /* ToDoListView.swift */ = {isa = PBXFileReference; lastKnownFileType = sourcecode.swift; path = ToDoListView.swift; sourceTree = "<group>"; };
		A457EFEF2A4068320000B65F /* NewItemView.swift */ = {isa = PBXFileReference; lastKnownFileType = sourcecode.swift; path = NewItemView.swift; sourceTree = "<group>"; };
		A457EFF12A40684C0000B65F /* LoginView.swift */ = {isa = PBXFileReference; lastKnownFileType = sourcecode.swift; path = LoginView.swift; sourceTree = "<group>"; };
		A457EFF32A4068640000B65F /* RegisterView.swift */ = {isa = PBXFileReference; lastKnownFileType = sourcecode.swift; path = RegisterView.swift; sourceTree = "<group>"; };
		A457EFF52A4068950000B65F /* ToDoListItemView.swift */ = {isa = PBXFileReference; lastKnownFileType = sourcecode.swift; path = ToDoListItemView.swift; sourceTree = "<group>"; };
		A457EFF72A40699B0000B65F /* User.swift */ = {isa = PBXFileReference; lastKnownFileType = sourcecode.swift; path = User.swift; sourceTree = "<group>"; };
		A457EFF92A4069AE0000B65F /* ToDoListItem.swift */ = {isa = PBXFileReference; lastKnownFileType = sourcecode.swift; path = ToDoListItem.swift; sourceTree = "<group>"; };
		A457EFFB2A406A530000B65F /* MainViewViewModel.swift */ = {isa = PBXFileReference; lastKnownFileType = sourcecode.swift; path = MainViewViewModel.swift; sourceTree = "<group>"; };
		A457EFFD2A406BFB0000B65F /* ProfileViewViewModel.swift */ = {isa = PBXFileReference; lastKnownFileType = sourcecode.swift; path = ProfileViewViewModel.swift; sourceTree = "<group>"; };
		A457EFFF2A406C0A0000B65F /* ToDoListViewViewModel.swift */ = {isa = PBXFileReference; lastKnownFileType = sourcecode.swift; path = ToDoListViewViewModel.swift; sourceTree = "<group>"; };
		A457F0012A406C230000B65F /* NewItemViewViewModel.swift */ = {isa = PBXFileReference; lastKnownFileType = sourcecode.swift; path = NewItemViewViewModel.swift; sourceTree = "<group>"; };
		A457F0032A406C3A0000B65F /* LoginViewViewModel.swift */ = {isa = PBXFileReference; lastKnownFileType = sourcecode.swift; path = LoginViewViewModel.swift; sourceTree = "<group>"; };
		A457F0052A406C550000B65F /* RegisterViewViewModel.swift */ = {isa = PBXFileReference; lastKnownFileType = sourcecode.swift; path = RegisterViewViewModel.swift; sourceTree = "<group>"; };
		A457F0072A406C780000B65F /* ToDoListItemViewViewModel.swift */ = {isa = PBXFileReference; lastKnownFileType = sourcecode.swift; path = ToDoListItemViewViewModel.swift; sourceTree = "<group>"; };
		A457F0092A4077EB0000B65F /* HeaderView.swift */ = {isa = PBXFileReference; lastKnownFileType = sourcecode.swift; path = HeaderView.swift; sourceTree = "<group>"; };
		A457F00B2A408AE00000B65F /* TLButton.swift */ = {isa = PBXFileReference; lastKnownFileType = sourcecode.swift; path = TLButton.swift; sourceTree = "<group>"; };
		A457F00D2A40B2CA0000B65F /* Extensions.swift */ = {isa = PBXFileReference; lastKnownFileType = sourcecode.swift; path = Extensions.swift; sourceTree = "<group>"; };
/* End PBXFileReference section */

/* Begin PBXFrameworksBuildPhase section */
		A457EFC92A405B4D0000B65F /* Frameworks */ = {
			isa = PBXFrameworksBuildPhase;
			buildActionMask = 2147483647;
			files = (
				A457EFDF2A405BCF0000B65F /* FirebaseAuth in Frameworks */,
				A457EFE12A405BCF0000B65F /* FirebaseFirestore in Frameworks */,
				A457EFE32A405BCF0000B65F /* FirebaseFirestoreSwift in Frameworks */,
			);
			runOnlyForDeploymentPostprocessing = 0;
		};
/* End PBXFrameworksBuildPhase section */

/* Begin PBXGroup section */
		A457EFC32A405B4D0000B65F = {
			isa = PBXGroup;
			children = (
				A457EFCE2A405B4D0000B65F /* ToDOiOS */,
				A457EFCD2A405B4D0000B65F /* Products */,
			);
			sourceTree = "<group>";
		};
		A457EFCD2A405B4D0000B65F /* Products */ = {
			isa = PBXGroup;
			children = (
				A457EFCC2A405B4D0000B65F /* ToDOiOS.app */,
			);
			name = Products;
			sourceTree = "<group>";
		};
		A457EFCE2A405B4D0000B65F /* ToDOiOS */ = {
			isa = PBXGroup;
			children = (
				A457EFE92A4064FF0000B65F /* Other */,
				A457EFE82A4064DB0000B65F /* Models */,
				A457EFE72A4064BE0000B65F /* ViewModels */,
				A457EFE62A4064AF0000B65F /* Views */,
				A457EFD52A405B4E0000B65F /* Preview Content */,
			);
			path = ToDOiOS;
			sourceTree = "<group>";
		};
		A457EFD52A405B4E0000B65F /* Preview Content */ = {
			isa = PBXGroup;
			children = (
				A457EFD62A405B4E0000B65F /* Preview Assets.xcassets */,
			);
			path = "Preview Content";
			sourceTree = "<group>";
		};
		A457EFE62A4064AF0000B65F /* Views */ = {
			isa = PBXGroup;
			children = (
				A457EFD12A405B4D0000B65F /* MainView.swift */,
				A457EFEA2A40671A0000B65F /* ProfileView.swift */,
				A457EFED2A40674A0000B65F /* ToDoListView.swift */,
				A457EFF52A4068950000B65F /* ToDoListItemView.swift */,
				A457EFEF2A4068320000B65F /* NewItemView.swift */,
				A457EFF12A40684C0000B65F /* LoginView.swift */,
				A457EFF32A4068640000B65F /* RegisterView.swift */,
				A457F0092A4077EB0000B65F /* HeaderView.swift */,
				A457F00B2A408AE00000B65F /* TLButton.swift */,
			);
			path = Views;
			sourceTree = "<group>";
		};
		A457EFE72A4064BE0000B65F /* ViewModels */ = {
			isa = PBXGroup;
			children = (
				A457EFFB2A406A530000B65F /* MainViewViewModel.swift */,
				A457EFFD2A406BFB0000B65F /* ProfileViewViewModel.swift */,
				A457F0012A406C230000B65F /* NewItemViewViewModel.swift */,
				A457F0032A406C3A0000B65F /* LoginViewViewModel.swift */,
				A457F0052A406C550000B65F /* RegisterViewViewModel.swift */,
				A457EFFF2A406C0A0000B65F /* ToDoListViewViewModel.swift */,
				A457F0072A406C780000B65F /* ToDoListItemViewViewModel.swift */,
			);
			path = ViewModels;
			sourceTree = "<group>";
		};
		A457EFE82A4064DB0000B65F /* Models */ = {
			isa = PBXGroup;
			children = (
				A457EFF72A40699B0000B65F /* User.swift */,
				A457EFF92A4069AE0000B65F /* ToDoListItem.swift */,
			);
			path = Models;
			sourceTree = "<group>";
		};
		A457EFE92A4064FF0000B65F /* Other */ = {
			isa = PBXGroup;
			children = (
				A457EFD32A405B4E0000B65F /* Assets.xcassets */,
				A457EFE42A4060D00000B65F /* GoogleService-Info.plist */,
				A457EFCF2A405B4D0000B65F /* ToDOiOSApp.swift */,
				A457F00D2A40B2CA0000B65F /* Extensions.swift */,
			);
			path = Other;
			sourceTree = "<group>";
		};
/* End PBXGroup section */

/* Begin PBXNativeTarget section */
		A457EFCB2A405B4D0000B65F /* ToDOiOS */ = {
			isa = PBXNativeTarget;
			buildConfigurationList = A457EFDA2A405B4E0000B65F /* Build configuration list for PBXNativeTarget "ToDOiOS" */;
			buildPhases = (
				A457EFC82A405B4D0000B65F /* Sources */,
				A457EFC92A405B4D0000B65F /* Frameworks */,
				A457EFCA2A405B4D0000B65F /* Resources */,
			);
			buildRules = (
			);
			dependencies = (
			);
			name = ToDOiOS;
			packageProductDependencies = (
				A457EFDE2A405BCF0000B65F /* FirebaseAuth */,
				A457EFE02A405BCF0000B65F /* FirebaseFirestore */,
				A457EFE22A405BCF0000B65F /* FirebaseFirestoreSwift */,
			);
			productName = ToDOiOS;
			productReference = A457EFCC2A405B4D0000B65F /* ToDOiOS.app */;
			productType = "com.apple.product-type.application";
		};
/* End PBXNativeTarget section */

/* Begin PBXProject section */
		A457EFC42A405B4D0000B65F /* Project object */ = {
			isa = PBXProject;
			attributes = {
				BuildIndependentTargetsInParallel = 1;
				LastSwiftUpdateCheck = 1430;
				LastUpgradeCheck = 1430;
				TargetAttributes = {
					A457EFCB2A405B4D0000B65F = {
						CreatedOnToolsVersion = 14.3;
					};
				};
			};
			buildConfigurationList = A457EFC72A405B4D0000B65F /* Build configuration list for PBXProject "ToDOiOS" */;
			compatibilityVersion = "Xcode 14.0";
			developmentRegion = en;
			hasScannedForEncodings = 0;
			knownRegions = (
				en,
				Base,
			);
			mainGroup = A457EFC32A405B4D0000B65F;
			packageReferences = (
				A457EFDD2A405BCF0000B65F /* XCRemoteSwiftPackageReference "firebase-ios-sdk" */,
			);
			productRefGroup = A457EFCD2A405B4D0000B65F /* Products */;
			projectDirPath = "";
			projectRoot = "";
			targets = (
				A457EFCB2A405B4D0000B65F /* ToDOiOS */,
			);
		};
/* End PBXProject section */

/* Begin PBXResourcesBuildPhase section */
		A457EFCA2A405B4D0000B65F /* Resources */ = {
			isa = PBXResourcesBuildPhase;
			buildActionMask = 2147483647;
			files = (
				A457EFD72A405B4E0000B65F /* Preview Assets.xcassets in Resources */,
				A457EFD42A405B4E0000B65F /* Assets.xcassets in Resources */,
				A457EFE52A4060D10000B65F /* GoogleService-Info.plist in Resources */,
			);
			runOnlyForDeploymentPostprocessing = 0;
		};
/* End PBXResourcesBuildPhase section */

/* Begin PBXSourcesBuildPhase section */
		A457EFC82A405B4D0000B65F /* Sources */ = {
			isa = PBXSourcesBuildPhase;
			buildActionMask = 2147483647;
			files = (
				A457EFF22A40684C0000B65F /* LoginView.swift in Sources */,
				A457F00A2A4077EB0000B65F /* HeaderView.swift in Sources */,
				A457EFD22A405B4D0000B65F /* MainView.swift in Sources */,
				A457F0062A406C550000B65F /* RegisterViewViewModel.swift in Sources */,
				A457EFFC2A406A530000B65F /* MainViewViewModel.swift in Sources */,
				A457EFEE2A40674A0000B65F /* ToDoListView.swift in Sources */,
				A457EFF42A4068640000B65F /* RegisterView.swift in Sources */,
				A457F00C2A408AE00000B65F /* TLButton.swift in Sources */,
				A457EFFE2A406BFB0000B65F /* ProfileViewViewModel.swift in Sources */,
				A457EFEB2A40671A0000B65F /* ProfileView.swift in Sources */,
				A457EFF82A40699B0000B65F /* User.swift in Sources */,
				A457EFF62A4068950000B65F /* ToDoListItemView.swift in Sources */,
				A457F0002A406C0A0000B65F /* ToDoListViewViewModel.swift in Sources */,
				A457EFD02A405B4D0000B65F /* ToDOiOSApp.swift in Sources */,
				A457EFFA2A4069AE0000B65F /* ToDoListItem.swift in Sources */,
				A457F00E2A40B2CA0000B65F /* Extensions.swift in Sources */,
				A457F0042A406C3A0000B65F /* LoginViewViewModel.swift in Sources */,
				A457EFF02A4068320000B65F /* NewItemView.swift in Sources */,
				A457F0022A406C230000B65F /* NewItemViewViewModel.swift in Sources */,
				A457F0082A406C780000B65F /* ToDoListItemViewViewModel.swift in Sources */,
			);
			runOnlyForDeploymentPostprocessing = 0;
		};
/* End PBXSourcesBuildPhase section */

/* Begin XCBuildConfiguration section */
		A457EFD82A405B4E0000B65F /* Debug */ = {
			isa = XCBuildConfiguration;
			buildSettings = {
				ALWAYS_SEARCH_USER_PATHS = NO;
				CLANG_ANALYZER_NONNULL = YES;
				CLANG_ANALYZER_NUMBER_OBJECT_CONVERSION = YES_AGGRESSIVE;
				CLANG_CXX_LANGUAGE_STANDARD = "gnu++20";
				CLANG_ENABLE_MODULES = YES;
				CLANG_ENABLE_OBJC_ARC = YES;
				CLANG_ENABLE_OBJC_WEAK = YES;
				CLANG_WARN_BLOCK_CAPTURE_AUTORELEASING = YES;
				CLANG_WARN_BOOL_CONVERSION = YES;
				CLANG_WARN_COMMA = YES;
				CLANG_WARN_CONSTANT_CONVERSION = YES;
				CLANG_WARN_DEPRECATED_OBJC_IMPLEMENTATIONS = YES;
				CLANG_WARN_DIRECT_OBJC_ISA_USAGE = YES_ERROR;
				CLANG_WARN_DOCUMENTATION_COMMENTS = YES;
				CLANG_WARN_EMPTY_BODY = YES;
				CLANG_WARN_ENUM_CONVERSION = YES;
				CLANG_WARN_INFINITE_RECURSION = YES;
				CLANG_WARN_INT_CONVERSION = YES;
				CLANG_WARN_NON_LITERAL_NULL_CONVERSION = YES;
				CLANG_WARN_OBJC_IMPLICIT_RETAIN_SELF = YES;
				CLANG_WARN_OBJC_LITERAL_CONVERSION = YES;
				CLANG_WARN_OBJC_ROOT_CLASS = YES_ERROR;
				CLANG_WARN_QUOTED_INCLUDE_IN_FRAMEWORK_HEADER = YES;
				CLANG_WARN_RANGE_LOOP_ANALYSIS = YES;
				CLANG_WARN_STRICT_PROTOTYPES = YES;
				CLANG_WARN_SUSPICIOUS_MOVE = YES;
				CLANG_WARN_UNGUARDED_AVAILABILITY = YES_AGGRESSIVE;
				CLANG_WARN_UNREACHABLE_CODE = YES;
				CLANG_WARN__DUPLICATE_METHOD_MATCH = YES;
				COPY_PHASE_STRIP = NO;
				DEBUG_INFORMATION_FORMAT = dwarf;
				ENABLE_STRICT_OBJC_MSGSEND = YES;
				ENABLE_TESTABILITY = YES;
				GCC_C_LANGUAGE_STANDARD = gnu11;
				GCC_DYNAMIC_NO_PIC = NO;
				GCC_NO_COMMON_BLOCKS = YES;
				GCC_OPTIMIZATION_LEVEL = 0;
				GCC_PREPROCESSOR_DEFINITIONS = (
					"DEBUG=1",
					"$(inherited)",
				);
				GCC_WARN_64_TO_32_BIT_CONVERSION = YES;
				GCC_WARN_ABOUT_RETURN_TYPE = YES_ERROR;
				GCC_WARN_UNDECLARED_SELECTOR = YES;
				GCC_WARN_UNINITIALIZED_AUTOS = YES_AGGRESSIVE;
				GCC_WARN_UNUSED_FUNCTION = YES;
				GCC_WARN_UNUSED_VARIABLE = YES;
				IPHONEOS_DEPLOYMENT_TARGET = 16.4;
				MTL_ENABLE_DEBUG_INFO = INCLUDE_SOURCE;
				MTL_FAST_MATH = YES;
				ONLY_ACTIVE_ARCH = YES;
				SDKROOT = iphoneos;
				SWIFT_ACTIVE_COMPILATION_CONDITIONS = DEBUG;
				SWIFT_OPTIMIZATION_LEVEL = "-Onone";
			};
			name = Debug;
		};
		A457EFD92A405B4E0000B65F /* Release */ = {
			isa = XCBuildConfiguration;
			buildSettings = {
				ALWAYS_SEARCH_USER_PATHS = NO;
				CLANG_ANALYZER_NONNULL = YES;
				CLANG_ANALYZER_NUMBER_OBJECT_CONVERSION = YES_AGGRESSIVE;
				CLANG_CXX_LANGUAGE_STANDARD = "gnu++20";
				CLANG_ENABLE_MODULES = YES;
				CLANG_ENABLE_OBJC_ARC = YES;
				CLANG_ENABLE_OBJC_WEAK = YES;
				CLANG_WARN_BLOCK_CAPTURE_AUTORELEASING = YES;
				CLANG_WARN_BOOL_CONVERSION = YES;
				CLANG_WARN_COMMA = YES;
				CLANG_WARN_CONSTANT_CONVERSION = YES;
				CLANG_WARN_DEPRECATED_OBJC_IMPLEMENTATIONS = YES;
				CLANG_WARN_DIRECT_OBJC_ISA_USAGE = YES_ERROR;
				CLANG_WARN_DOCUMENTATION_COMMENTS = YES;
				CLANG_WARN_EMPTY_BODY = YES;
				CLANG_WARN_ENUM_CONVERSION = YES;
				CLANG_WARN_INFINITE_RECURSION = YES;
				CLANG_WARN_INT_CONVERSION = YES;
				CLANG_WARN_NON_LITERAL_NULL_CONVERSION = YES;
				CLANG_WARN_OBJC_IMPLICIT_RETAIN_SELF = YES;
				CLANG_WARN_OBJC_LITERAL_CONVERSION = YES;
				CLANG_WARN_OBJC_ROOT_CLASS = YES_ERROR;
				CLANG_WARN_QUOTED_INCLUDE_IN_FRAMEWORK_HEADER = YES;
				CLANG_WARN_RANGE_LOOP_ANALYSIS = YES;
				CLANG_WARN_STRICT_PROTOTYPES = YES;
				CLANG_WARN_SUSPICIOUS_MOVE = YES;
				CLANG_WARN_UNGUARDED_AVAILABILITY = YES_AGGRESSIVE;
				CLANG_WARN_UNREACHABLE_CODE = YES;
				CLANG_WARN__DUPLICATE_METHOD_MATCH = YES;
				COPY_PHASE_STRIP = NO;
				DEBUG_INFORMATION_FORMAT = "dwarf-with-dsym";
				ENABLE_NS_ASSERTIONS = NO;
				ENABLE_STRICT_OBJC_MSGSEND = YES;
				GCC_C_LANGUAGE_STANDARD = gnu11;
				GCC_NO_COMMON_BLOCKS = YES;
				GCC_WARN_64_TO_32_BIT_CONVERSION = YES;
				GCC_WARN_ABOUT_RETURN_TYPE = YES_ERROR;
				GCC_WARN_UNDECLARED_SELECTOR = YES;
				GCC_WARN_UNINITIALIZED_AUTOS = YES_AGGRESSIVE;
				GCC_WARN_UNUSED_FUNCTION = YES;
				GCC_WARN_UNUSED_VARIABLE = YES;
				IPHONEOS_DEPLOYMENT_TARGET = 16.4;
				MTL_ENABLE_DEBUG_INFO = NO;
				MTL_FAST_MATH = YES;
				SDKROOT = iphoneos;
				SWIFT_COMPILATION_MODE = wholemodule;
				SWIFT_OPTIMIZATION_LEVEL = "-O";
				VALIDATE_PRODUCT = YES;
			};
			name = Release;
		};
		A457EFDB2A405B4E0000B65F /* Debug */ = {
			isa = XCBuildConfiguration;
			buildSettings = {
				ASSETCATALOG_COMPILER_APPICON_NAME = AppIcon;
				ASSETCATALOG_COMPILER_GLOBAL_ACCENT_COLOR_NAME = AccentColor;
				CODE_SIGN_STYLE = Automatic;
				CURRENT_PROJECT_VERSION = 1;
				DEVELOPMENT_ASSET_PATHS = "\"ToDOiOS/Preview Content\"";
				DEVELOPMENT_TEAM = YTVX2Y5R7P;
				ENABLE_PREVIEWS = YES;
				GENERATE_INFOPLIST_FILE = YES;
				INFOPLIST_KEY_CFBundleDisplayName = "To Do iOSList";
				INFOPLIST_KEY_UIApplicationSceneManifest_Generation = YES;
				INFOPLIST_KEY_UIApplicationSupportsIndirectInputEvents = YES;
				INFOPLIST_KEY_UILaunchScreen_Generation = YES;
				INFOPLIST_KEY_UISupportedInterfaceOrientations = UIInterfaceOrientationPortrait;
				LD_RUNPATH_SEARCH_PATHS = (
					"$(inherited)",
					"@executable_path/Frameworks",
				);
				MARKETING_VERSION = 1.0;
				PRODUCT_BUNDLE_IDENTIFIER = com.igorodaryuk.ToDOiOS;
				PRODUCT_NAME = "$(TARGET_NAME)";
				SWIFT_EMIT_LOC_STRINGS = YES;
				SWIFT_VERSION = 5.0;
				TARGETED_DEVICE_FAMILY = "1,2";
			};
			name = Debug;
		};
		A457EFDC2A405B4E0000B65F /* Release */ = {
			isa = XCBuildConfiguration;
			buildSettings = {
				ASSETCATALOG_COMPILER_APPICON_NAME = AppIcon;
				ASSETCATALOG_COMPILER_GLOBAL_ACCENT_COLOR_NAME = AccentColor;
				CODE_SIGN_STYLE = Automatic;
				CURRENT_PROJECT_VERSION = 1;
				DEVELOPMENT_ASSET_PATHS = "\"ToDOiOS/Preview Content\"";
				DEVELOPMENT_TEAM = YTVX2Y5R7P;
				ENABLE_PREVIEWS = YES;
				GENERATE_INFOPLIST_FILE = YES;
				INFOPLIST_KEY_CFBundleDisplayName = "To Do iOSList";
				INFOPLIST_KEY_UIApplicationSceneManifest_Generation = YES;
				INFOPLIST_KEY_UIApplicationSupportsIndirectInputEvents = YES;
				INFOPLIST_KEY_UILaunchScreen_Generation = YES;
				INFOPLIST_KEY_UISupportedInterfaceOrientations = UIInterfaceOrientationPortrait;
				LD_RUNPATH_SEARCH_PATHS = (
					"$(inherited)",
					"@executable_path/Frameworks",
				);
				MARKETING_VERSION = 1.0;
				PRODUCT_BUNDLE_IDENTIFIER = com.igorodaryuk.ToDOiOS;
				PRODUCT_NAME = "$(TARGET_NAME)";
				SWIFT_EMIT_LOC_STRINGS = YES;
				SWIFT_VERSION = 5.0;
				TARGETED_DEVICE_FAMILY = "1,2";
			};
			name = Release;
		};
/* End XCBuildConfiguration section */

/* Begin XCConfigurationList section */
		A457EFC72A405B4D0000B65F /* Build configuration list for PBXProject "ToDOiOS" */ = {
			isa = XCConfigurationList;
			buildConfigurations = (
				A457EFD82A405B4E0000B65F /* Debug */,
				A457EFD92A405B4E0000B65F /* Release */,
			);
			defaultConfigurationIsVisible = 0;
			defaultConfigurationName = Release;
		};
		A457EFDA2A405B4E0000B65F /* Build configuration list for PBXNativeTarget "ToDOiOS" */ = {
			isa = XCConfigurationList;
			buildConfigurations = (
				A457EFDB2A405B4E0000B65F /* Debug */,
				A457EFDC2A405B4E0000B65F /* Release */,
			);
			defaultConfigurationIsVisible = 0;
			defaultConfigurationName = Release;
		};
/* End XCConfigurationList section */

/* Begin XCRemoteSwiftPackageReference section */
		A457EFDD2A405BCF0000B65F /* XCRemoteSwiftPackageReference "firebase-ios-sdk" */ = {
			isa = XCRemoteSwiftPackageReference;
			repositoryURL = "https://github.com/firebase/firebase-ios-sdk";
			requirement = {
				kind = upToNextMajorVersion;
				minimumVersion = 10.0.0;
			};
		};
/* End XCRemoteSwiftPackageReference section */

/* Begin XCSwiftPackageProductDependency section */
		A457EFDE2A405BCF0000B65F /* FirebaseAuth */ = {
			isa = XCSwiftPackageProductDependency;
			package = A457EFDD2A405BCF0000B65F /* XCRemoteSwiftPackageReference "firebase-ios-sdk" */;
			productName = FirebaseAuth;
		};
		A457EFE02A405BCF0000B65F /* FirebaseFirestore */ = {
			isa = XCSwiftPackageProductDependency;
			package = A457EFDD2A405BCF0000B65F /* XCRemoteSwiftPackageReference "firebase-ios-sdk" */;
			productName = FirebaseFirestore;
		};
		A457EFE22A405BCF0000B65F /* FirebaseFirestoreSwift */ = {
			isa = XCSwiftPackageProductDependency;
			package = A457EFDD2A405BCF0000B65F /* XCRemoteSwiftPackageReference "firebase-ios-sdk" */;
			productName = FirebaseFirestoreSwift;
		};
/* End XCSwiftPackageProductDependency section */
	};
	rootObject = A457EFC42A405B4D0000B65F /* Project object */;
}
